PODS:
  - FiservMobilePayments (1.0.0)

DEPENDENCIES:
  - FiservMobilePayments

SPEC REPOS:
  https://github.com/CocoaPods/Specs.git:
    - FiservMobilePayments

SPEC CHECKSUMS:
  FiservMobilePayments: fcb11ce74a763f8043e23d37828e37c417a24ea3

PODFILE CHECKSUM: 80817747b9e44aa3b01af4f68cb8977d8b304de0

COCOAPODS: 1.16.2
