PODS:
  - FiservMobilePayments (1.0.9)

DEPENDENCIES:
  - FiservMobilePayments

SPEC REPOS:
  https://github.com/CocoaPods/Specs.git:
    - FiservMobilePayments

SPEC CHECKSUMS:
  FiservMobilePayments: f275de0c2f7f704f9c8fe052d61d374c7fd75f0e

PODFILE CHECKSUM: 80817747b9e44aa3b01af4f68cb8977d8b304de0

COCOAPODS: 1.16.2
