PODS:
  - FiservMobilePayments (1.0.7)

DEPENDENCIES:
  - FiservMobilePayments

SPEC REPOS:
  https://github.com/CocoaPods/Specs.git:
    - FiservMobilePayments

SPEC CHECKSUMS:
  FiservMobilePayments: d0bd561050a97e8ebdc292a36d92182f29d606f5

PODFILE CHECKSUM: 80817747b9e44aa3b01af4f68cb8977d8b304de0

COCOAPODS: 1.16.2
